
Microsoft Visual Studio Solution File, Format Version 11.00
# Visual Studio 2010
# SharpDevelop 5.1
Project("{FAE04EC0-301F-11D3-BF4B-00C04F79EFBC}") = "Hesap Makinesi", "Hesap Makinesi\Hesap Makinesi.csproj", "{C9ADD800-9D7B-4C91-BA10-F17C52253BD8}"
EndProject
Global
	GlobalSection(SolutionConfigurationPlatforms) = preSolution
		Debug|Any CPU = Debug|Any CPU
		Release|Any CPU = Release|Any CPU
	EndGlobalSection
	GlobalSection(ProjectConfigurationPlatforms) = postSolution
		{C9ADD800-9D7B-4C91-BA10-F17C52253BD8}.Debug|Any CPU.ActiveCfg = Debug|Any CPU
		{C9ADD800-9D7B-4C91-BA10-F17C52253BD8}.Debug|Any CPU.Build.0 = Debug|Any CPU
		{C9ADD800-9D7B-4C91-BA10-F17C52253BD8}.Release|Any CPU.ActiveCfg = Release|Any CPU
		{C9ADD800-9D7B-4C91-BA10-F17C52253BD8}.Release|Any CPU.Build.0 = Release|Any CPU
	EndGlobalSection
EndGlobal
